
Microsoft Visual Studio Solution File, Format Version 12.00
# Visual Studio 15
VisualStudioVersion = 15.0.28010.2048
MinimumVisualStudioVersion = 10.0.40219.1
Project("{8BC9CEB8-8B4A-11D0-8D11-00A0C91BC942}") = "NkTnlSrv", "NkTnlSrv.vcxproj", "{6D4D1346-4368-4B1E-A381-B10449504252}"
EndProject
Global
	GlobalSection(SolutionConfigurationPlatforms) = preSolution
		Debug|x86 = Debug|x86
		Release|x86 = Release|x86
	EndGlobalSection
	GlobalSection(ProjectConfigurationPlatforms) = postSolution
		{6D4D1346-4368-4B1E-A381-B10449504252}.Debug|x86.ActiveCfg = Debug|Win32
		{6D4D1346-4368-4B1E-A381-B10449504252}.Debug|x86.Build.0 = Debug|Win32
		{6D4D1346-4368-4B1E-A381-B10449504252}.Release|x86.ActiveCfg = Release|Win32
		{6D4D1346-4368-4B1E-A381-B10449504252}.Release|x86.Build.0 = Release|Win32
	EndGlobalSection
	GlobalSection(SolutionProperties) = preSolution
		HideSolutionNode = FALSE
	EndGlobalSection
	GlobalSection(ExtensibilityGlobals) = postSolution
		SolutionGuid = {5E52E8CB-1ED9-44CE-894D-AC6F18AA9D18}
	EndGlobalSection
EndGlobal
