<?xml version="1.0" encoding="utf-8"?>
<Project ToolsVersion="4.0" xmlns="http://schemas.microsoft.com/developer/msbuild/2003">
  <ItemGroup>
    <ClCompile Include="src\cpp\NkTnlClientCnf\NkTnlBrowseOPCServerDlg.cpp">
      <Filter>Source Files</Filter>
    </ClCompile>
    <ClCompile Include="src\cpp\NkTnlClientCnf\NkTnlClientCnf.cpp">
      <Filter>Source Files</Filter>
    </ClCompile>
    <ClCompile Include="src\cpp\NkTnlClientCnf\NkTnlClientCnfDlg.cpp">
      <Filter>Source Files</Filter>
    </ClCompile>
    <ClCompile Include="src\cpp\NkTnlClientCnf\NkTnlEditDlg.cpp">
      <Filter>Source Files</Filter>
    </ClCompile>
    <ClCompile Include="src\cpp\NkTnlClientCnf\PassDlg.cpp">
      <Filter>Source Files</Filter>
    </ClCompile>
    <ClCompile Include="src\cpp\NkTnlClientCnf\stdafx.cpp">
      <Filter>Source Files</Filter>
    </ClCompile>
  </ItemGroup>
  <ItemGroup>
    <ClInclude Include="src\cpp\NkTnlClientCnf\NkTnlBrowseOPCServerDlg.h">
      <Filter>Header Files</Filter>
    </ClInclude>
    <ClInclude Include="src\cpp\NkTnlClientCnf\NkTnlClientCnf.h">
      <Filter>Header Files</Filter>
    </ClInclude>
    <ClInclude Include="src\cpp\NkTnlClientCnf\NkTnlEditDlg.h">
      <Filter>Header Files</Filter>
    </ClInclude>
    <ClInclude Include="src\cpp\NkTnlClientCnf\PassDlg.h">
      <Filter>Header Files</Filter>
    </ClInclude>
    <ClInclude Include="src\cpp\NkTnlClientCnf\stdafx.h">
      <Filter>Header Files</Filter>
    </ClInclude>
    <ClInclude Include="src\cpp\NkTnlClientCnf\targetver.h">
      <Filter>Header Files</Filter>
    </ClInclude>
    <ClInclude Include="src\cpp\NkTnlClientCnf\resource.h">
      <Filter>Header Files</Filter>
    </ClInclude>
    <ClInclude Include="src\cpp\NkTnlClientCnf\NkTnlClientCnfDlg.h">
      <Filter>Header Files</Filter>
    </ClInclude>
  </ItemGroup>
  <ItemGroup>
    <Filter Include="Header Files">
      <UniqueIdentifier>{697c5f3d-0f43-4f69-9d54-a020f801ec03}</UniqueIdentifier>
      <Extensions>h;hh;hpp;hxx;hm;inl;inc;xsd</Extensions>
    </Filter>
    <Filter Include="Resource Files">
      <UniqueIdentifier>{59980ecf-8d1b-4bf4-822f-5ab2b3ca4f6e}</UniqueIdentifier>
      <Extensions>rc;ico;cur;bmp;dlg;rc2;rct;bin;rgs;gif;jpg;jpeg;jpe;resx;tiff;tif;png;wav;mfcribbon-ms</Extensions>
    </Filter>
    <Filter Include="Source Files">
      <UniqueIdentifier>{a0b162c1-48ac-49d2-82a1-0a305ab368dd}</UniqueIdentifier>
      <Extensions>cpp;c;cc;cxx;def;odl;idl;hpj;bat;asm;asmx</Extensions>
    </Filter>
  </ItemGroup>
  <ItemGroup>
    <ResourceCompile Include="src\cpp\NkTnlClientCnf\NkTnlClientCnf.rc">
      <Filter>Resource Files</Filter>
    </ResourceCompile>
  </ItemGroup>
  <ItemGroup>
    <Image Include="src\cpp\NkTnlClientCnf\res\servertree.bmp">
      <Filter>Resource Files</Filter>
    </Image>
    <Image Include="src\cpp\NkTnlClientCnf\res\servertree_hc.bmp">
      <Filter>Resource Files</Filter>
    </Image>
    <Image Include="src\cpp\NkTnlClientCnf\res\NkTnlClientCnf.ico">
      <Filter>Resource Files</Filter>
    </Image>
  </ItemGroup>
  <ItemGroup>
    <None Include="src\cpp\NkTnlClientCnf\res\NkTnlClientCnf.rc2">
      <Filter>Resource Files</Filter>
    </None>
  </ItemGroup>
</Project>